
Microsoft Visual Studio Solution File, Format Version 12.00
# Visual Studio Version 16
VisualStudioVersion = 16.0.30128.74
MinimumVisualStudioVersion = 10.0.40219.1
Project("{8BC9CEB8-8B4A-11D0-8D11-00A0C91BC942}") = "Klass", "Klass\Klass.vcxproj", "{9502B819-5064-451D-A201-760982E838F5}"
EndProject
Global
	GlobalSection(SolutionConfigurationPlatforms) = preSolution
		Debug|x64 = Debug|x64
		Debug|x86 = Debug|x86
		Release|x64 = Release|x64
		Release|x86 = Release|x86
	EndGlobalSection
	GlobalSection(ProjectConfigurationPlatforms) = postSolution
		{9502B819-5064-451D-A201-760982E838F5}.Debug|x64.ActiveCfg = Debug|x64
		{9502B819-5064-451D-A201-760982E838F5}.Debug|x64.Build.0 = Debug|x64
		{9502B819-5064-451D-A201-760982E838F5}.Debug|x86.ActiveCfg = Debug|Win32
		{9502B819-5064-451D-A201-760982E838F5}.Debug|x86.Build.0 = Debug|Win32
		{9502B819-5064-451D-A201-760982E838F5}.Release|x64.ActiveCfg = Release|x64
		{9502B819-5064-451D-A201-760982E838F5}.Release|x64.Build.0 = Release|x64
		{9502B819-5064-451D-A201-760982E838F5}.Release|x86.ActiveCfg = Release|Win32
		{9502B819-5064-451D-A201-760982E838F5}.Release|x86.Build.0 = Release|Win32
	EndGlobalSection
	GlobalSection(SolutionProperties) = preSolution
		HideSolutionNode = FALSE
	EndGlobalSection
	GlobalSection(ExtensibilityGlobals) = postSolution
		SolutionGuid = {45099B55-BAA0-479A-9569-DD280EEF87A0}
	EndGlobalSection
EndGlobal
